
Microsoft Visual Studio Solution File, Format Version 12.00
# Visual Studio Version 17
VisualStudioVersion = 17.14.36408.4 d17.14
MinimumVisualStudioVersion = 10.0.40219.1
Project("{FAE04EC0-301F-11D3-BF4B-00C04F79EFBC}") = "IMC", "IMC.csproj", "{49009279-4BCE-420A-B8F2-59B601BA28C4}"
EndProject
Global
	GlobalSection(SolutionConfigurationPlatforms) = preSolution
		Debug|Any CPU = Debug|Any CPU
		Release|Any CPU = Release|Any CPU
	EndGlobalSection
	GlobalSection(ProjectConfigurationPlatforms) = postSolution
		{49009279-4BCE-420A-B8F2-59B601BA28C4}.Debug|Any CPU.ActiveCfg = Debug|Any CPU
		{49009279-4BCE-420A-B8F2-59B601BA28C4}.Debug|Any CPU.Build.0 = Debug|Any CPU
		{49009279-4BCE-420A-B8F2-59B601BA28C4}.Release|Any CPU.ActiveCfg = Release|Any CPU
		{49009279-4BCE-420A-B8F2-59B601BA28C4}.Release|Any CPU.Build.0 = Release|Any CPU
	EndGlobalSection
	GlobalSection(SolutionProperties) = preSolution
		HideSolutionNode = FALSE
	EndGlobalSection
	GlobalSection(ExtensibilityGlobals) = postSolution
		SolutionGuid = {63700E32-63F8-44A4-A4AB-58E684940C51}
	EndGlobalSection
EndGlobal
