
Microsoft Visual Studio Solution File, Format Version 12.00
# Visual Studio Version 17
VisualStudioVersion = 17.14.36408.4 d17.14
MinimumVisualStudioVersion = 10.0.40219.1
Project("{FAE04EC0-301F-11D3-BF4B-00C04F79EFBC}") = "Aula 28_08", "Aula 28_08\Aula 28_08.csproj", "{4D985A19-AF80-46FA-9A54-13A2E950E23D}"
EndProject
Global
	GlobalSection(SolutionConfigurationPlatforms) = preSolution
		Debug|Any CPU = Debug|Any CPU
		Release|Any CPU = Release|Any CPU
	EndGlobalSection
	GlobalSection(ProjectConfigurationPlatforms) = postSolution
		{4D985A19-AF80-46FA-9A54-13A2E950E23D}.Debug|Any CPU.ActiveCfg = Debug|Any CPU
		{4D985A19-AF80-46FA-9A54-13A2E950E23D}.Debug|Any CPU.Build.0 = Debug|Any CPU
		{4D985A19-AF80-46FA-9A54-13A2E950E23D}.Release|Any CPU.ActiveCfg = Release|Any CPU
		{4D985A19-AF80-46FA-9A54-13A2E950E23D}.Release|Any CPU.Build.0 = Release|Any CPU
	EndGlobalSection
	GlobalSection(SolutionProperties) = preSolution
		HideSolutionNode = FALSE
	EndGlobalSection
	GlobalSection(ExtensibilityGlobals) = postSolution
		SolutionGuid = {9FBFA2ED-71E3-4B2B-8D12-2A2BCF8C4034}
	EndGlobalSection
EndGlobal
